<?xml version="1.0" encoding="utf-8"?>
<Project ToolsVersion="4.0" xmlns="http://schemas.microsoft.com/developer/msbuild/2003">
  <ItemGroup>
    <ClCompile Include="Game\main.cpp" />
    <ClCompile Include="Game\Entities\Capsule.cpp">
      <Filter>Game\Entities</Filter>
    </ClCompile>
    <ClCompile Include="Game\Entities\EntityFactory.cpp">
      <Filter>Game\Entities</Filter>
    </ClCompile>
    <ClCompile Include="Game\Game.cpp">
      <Filter>Game</Filter>
    </ClCompile>
    <ClCompile Include="Game\Entities\Player.cpp">
      <Filter>Game\Entities</Filter>
    </ClCompile>
    <ClCompile Include="Game\Utils\JumpContactListener.cpp">
      <Filter>Game\Utils</Filter>
    </ClCompile>
    <ClCompile Include="Game\Entities\Enemies\Skeleton.cpp">
      <Filter>Game\Entities\Enemies</Filter>
    </ClCompile>
    <ClCompile Include="Game\Entities\Enemies\Enemy.cpp">
      <Filter>Game\Entities\Enemies</Filter>
    </ClCompile>
    <ClCompile Include="Game\Menu\Menu.cpp">
      <Filter>Game\Menu</Filter>
    </ClCompile>
    <ClCompile Include="Game\UI\InterfaceManager.cpp">
      <Filter>Game\UI</Filter>
    </ClCompile>
    <ClCompile Include="Game\WorldGeneration\GroundLayer.cpp">
      <Filter>Game\WorldGeneration</Filter>
    </ClCompile>
    <ClCompile Include="Game\WorldGeneration\SpecialPlace.cpp">
      <Filter>Game\WorldGeneration</Filter>
    </ClCompile>
    <ClCompile Include="Game\WorldGeneration\SpecialPlacesManager.cpp">
      <Filter>Game\WorldGeneration</Filter>
    </ClCompile>
    <ClCompile Include="Game\WorldGeneration\UndergroundLayer.cpp">
      <Filter>Game\WorldGeneration</Filter>
    </ClCompile>
    <ClCompile Include="Game\WorldGeneration\WorldGenerator.cpp">
      <Filter>Game\WorldGeneration</Filter>
    </ClCompile>
    <ClCompile Include="Game\Entities\Objects\Block.cpp">
      <Filter>Game\Entities\Objects</Filter>
    </ClCompile>
    <ClCompile Include="Game\Entities\Objects\Tree.cpp">
      <Filter>Game\Entities\Objects</Filter>
    </ClCompile>
    <ClCompile Include="Game\UI\Actionbar.cpp">
      <Filter>Game\UI</Filter>
    </ClCompile>
    <ClCompile Include="Game\UI\Inventory.cpp">
      <Filter>Game\UI</Filter>
    </ClCompile>
    <ClCompile Include="Game\Utils\ItemSlot.cpp">
      <Filter>Game\Utils</Filter>
    </ClCompile>
    <ClCompile Include="RuinLayer.cpp">
      <Filter>Game\WorldGeneration</Filter>
    </ClCompile>
    <ClCompile Include="Game\BackgroundManager.cpp">
      <Filter>Game</Filter>
    </ClCompile>
    <ClCompile Include="Game\GameUtils.cpp">
      <Filter>Game</Filter>
    </ClCompile>
    <ClCompile Include="HellLayer.cpp">
      <Filter>Game\WorldGeneration</Filter>
    </ClCompile>
    <ClCompile Include="PurgatoryLayer.cpp">
      <Filter>Game\WorldGeneration</Filter>
    </ClCompile>
  </ItemGroup>
  <ItemGroup>
    <ClInclude Include="Game\Entities\Capsule.h">
      <Filter>Game\Entities</Filter>
    </ClInclude>
    <ClInclude Include="Game\Entities\EntityFactory.h">
      <Filter>Game\Entities</Filter>
    </ClInclude>
    <ClInclude Include="Game\Globals\Constants.h">
      <Filter>Game\Globals</Filter>
    </ClInclude>
    <ClInclude Include="Game\Game.h">
      <Filter>Game</Filter>
    </ClInclude>
    <ClInclude Include="Game\Entities\Player.h">
      <Filter>Game\Entities</Filter>
    </ClInclude>
    <ClInclude Include="Game\Utils\JumpContactListener.h">
      <Filter>Game\Utils</Filter>
    </ClInclude>
    <ClInclude Include="Game\Entities\Enemies\Skeleton.h">
      <Filter>Game\Entities\Enemies</Filter>
    </ClInclude>
    <ClInclude Include="Game\Entities\EntityDescriptor.h">
      <Filter>Game\Entities</Filter>
    </ClInclude>
    <ClInclude Include="Game\Entities\EntityComponents.h">
      <Filter>Game\Entities</Filter>
    </ClInclude>
    <ClInclude Include="Game\Entities\Enemies\Enemy.h">
      <Filter>Game\Entities\Enemies</Filter>
    </ClInclude>
    <ClInclude Include="Game\Menu\Menu.h">
      <Filter>Game\Menu</Filter>
    </ClInclude>
    <ClInclude Include="Game\Menu\MouseButtonEnum.h">
      <Filter>Game\Menu</Filter>
    </ClInclude>
    <ClInclude Include="Game\UI\InterfaceManager.h">
      <Filter>Game\UI</Filter>
    </ClInclude>
    <ClInclude Include="Game\Entities\FluentEntity.h">
      <Filter>Game\Entities</Filter>
    </ClInclude>
    <ClInclude Include="Game\WorldGeneration\GroundLayer.h">
      <Filter>Game\WorldGeneration</Filter>
    </ClInclude>
    <ClInclude Include="Game\WorldGeneration\IWorldLayer.h">
      <Filter>Game\WorldGeneration</Filter>
    </ClInclude>
    <ClInclude Include="Game\WorldGeneration\SpecialPlace.h">
      <Filter>Game\WorldGeneration</Filter>
    </ClInclude>
    <ClInclude Include="Game\WorldGeneration\SpecialPlacesManager.h">
      <Filter>Game\WorldGeneration</Filter>
    </ClInclude>
    <ClInclude Include="Game\WorldGeneration\UndergroundLayer.h">
      <Filter>Game\WorldGeneration</Filter>
    </ClInclude>
    <ClInclude Include="Game\WorldGeneration\WorldGenerator.h">
      <Filter>Game\WorldGeneration</Filter>
    </ClInclude>
    <ClInclude Include="Game\Entities\Objects\Block.h">
      <Filter>Game\Entities\Objects</Filter>
    </ClInclude>
    <ClInclude Include="Game\Entities\Objects\Tree.h">
      <Filter>Game\Entities\Objects</Filter>
    </ClInclude>
    <ClInclude Include="Game\UI\Actionbar.h">
      <Filter>Game\UI</Filter>
    </ClInclude>
    <ClInclude Include="RuinLayer.h">
      <Filter>Game\WorldGeneration</Filter>
    </ClInclude>
    <ClInclude Include="Game\GameUtils.h">
      <Filter>Game</Filter>
    </ClInclude>
    <ClInclude Include="Game\BackgroundManager.h">
      <Filter>Game</Filter>
    </ClInclude>
    <ClInclude Include="Game\EventIds.h">
      <Filter>Game</Filter>
    </ClInclude>
    <ClInclude Include="HellLayer.h">
      <Filter>Game\WorldGeneration</Filter>
    </ClInclude>
    <ClInclude Include="PurgatoryLayer.h">
      <Filter>Game\WorldGeneration</Filter>
    </ClInclude>
    <ClInclude Include="Game\UI\Inventory.h">
      <Filter>Game\UI</Filter>
    </ClInclude>
    <ClInclude Include="Game\Utils\ItemSlot.h">
      <Filter>Game\Utils</Filter>
    </ClInclude>
    <ClInclude Include="Game\Utils\SlotDescriptor.h">
      <Filter>Game\Utils</Filter>
    </ClInclude>
    <ClInclude Include="Game\Entities\UnCognizantEntityTypes.h">
      <Filter>Game\Entities</Filter>
    </ClInclude>
    <ClInclude Include="Game\Entities\EntityTypes.h">
      <Filter>Game\Entities</Filter>
    </ClInclude>
  </ItemGroup>
  <ItemGroup>
    <Filter Include="Game">
      <UniqueIdentifier>{182ebb3d-7c2d-4295-a0b4-87641e67a47a}</UniqueIdentifier>
    </Filter>
    <Filter Include="Game\Entities">
      <UniqueIdentifier>{85e4a4ad-fd57-4603-85c3-2a5b331ff0ef}</UniqueIdentifier>
    </Filter>
    <Filter Include="Game\Globals">
      <UniqueIdentifier>{f26250fe-e904-437b-b690-c371b224f1a1}</UniqueIdentifier>
    </Filter>
    <Filter Include="Game\Utils">
      <UniqueIdentifier>{2af4bcdc-99d4-4be4-829c-0631ed9683c2}</UniqueIdentifier>
    </Filter>
    <Filter Include="Game\Entities\Enemies">
      <UniqueIdentifier>{f52c7d92-0175-4e4a-a0da-6d2e534291c1}</UniqueIdentifier>
    </Filter>
    <Filter Include="Game\Menu">
      <UniqueIdentifier>{5f7c7bbd-498a-441e-8335-0b892c92e5e2}</UniqueIdentifier>
    </Filter>
    <Filter Include="Game\UI">
      <UniqueIdentifier>{554a29a5-0db4-4321-a7a2-5740dda4c397}</UniqueIdentifier>
    </Filter>
    <Filter Include="Game\Entities\Objects">
      <UniqueIdentifier>{2c91a283-f154-4947-b5d9-b8cab580bed4}</UniqueIdentifier>
    </Filter>
    <Filter Include="Game\WorldGeneration">
      <UniqueIdentifier>{a4bf0b19-9266-4226-906e-985258dced40}</UniqueIdentifier>
    </Filter>
  </ItemGroup>
</Project>